schema: '2.0'
stages:
  train_test_split:
    cmd: python ./src/data/train_test_split.py
    deps:
    - path: ./data/raw_data/raw.csv
      hash: md5
      md5: 617b56af2992376d5c3e91ad80823898
      size: 333757
    - path: ./src/data/train_test_split.py
      hash: md5
      md5: d123dd23c455c4782dc39f6e8170ca2c
      size: 709
    outs:
    - path: ./data/processed_data/X_test.csv
      hash: md5
      md5: 0541f3a9178fe234f86a76801147793b
      size: 67719
    - path: ./data/processed_data/X_train.csv
      hash: md5
      md5: eec4fb99c7ad231cd697955cca4635e4
      size: 202350
    - path: ./data/processed_data/y_test.csv
      hash: md5
      md5: 6e30bd7cb4ff44ea23e42ece38e35893
      size: 10126
    - path: ./data/processed_data/y_train.csv
      hash: md5
      md5: dc57b289b5e16003c70ec422c6281f1d
      size: 30258
  normalize:
    cmd: python ./src/data/normalize.py --force
    deps:
    - path: ./data/processed_data/X_test.csv
      hash: md5
      md5: 0541f3a9178fe234f86a76801147793b
      size: 67719
    - path: ./data/processed_data/X_train.csv
      hash: md5
      md5: eec4fb99c7ad231cd697955cca4635e4
      size: 202350
    - path: ./src/data/normalize.py
      hash: md5
      md5: 549d064d9fe51ce95fcda0fd9a25f901
      size: 928
    outs:
    - path: ./data/processed_data/X_test_scaled.csv
      hash: md5
      md5: e7465ebedc5c61082439a456a9bf3b86
      size: 73318
    - path: ./data/processed_data/X_train_scaled.csv
      hash: md5
      md5: e46ceb2260afb8869276c05a2348a2a5
      size: 219188
  gridsearch:
    cmd: python ./src/models/gridsearch.py
    deps:
    - path: ./data/processed_data/X_train_scaled.csv
      hash: md5
      md5: e46ceb2260afb8869276c05a2348a2a5
      size: 219188
    - path: ./data/processed_data/y_train.csv
      hash: md5
      md5: dc57b289b5e16003c70ec422c6281f1d
      size: 30258
    - path: ./src/models/gridsearch.py
      hash: md5
      md5: fdf2bbada0a1af0ddf768b68b4ba279c
      size: 1347
    outs:
    - path: ./models/best_hgboost_params.json
      hash: md5
      md5: 92c427fe70da0a086be0db0f8fdea1ea
      size: 98
  train_model:
    cmd: python ./src/models/train_model.py
    deps:
    - path: ./data/processed_data/X_train_scaled.csv
      hash: md5
      md5: e46ceb2260afb8869276c05a2348a2a5
      size: 219188
    - path: ./data/processed_data/y_train.csv
      hash: md5
      md5: dc57b289b5e16003c70ec422c6281f1d
      size: 30258
    - path: ./models/best_hgboost_params.json
      hash: md5
      md5: 92c427fe70da0a086be0db0f8fdea1ea
      size: 98
    - path: ./src/models/train_model.py
      hash: md5
      md5: 01aba473dce48c0b01b101de730d2672
      size: 798
    outs:
    - path: ./models/optimized_hgboost_model.joblib
      hash: md5
      md5: 9c514a5114c7c718c347d646e5da64f7
      size: 675216
  evaluate_model:
    cmd: python ./src/models/evaluate_model.py
    deps:
    - path: ./data/processed_data/X_test_scaled.csv
      hash: md5
      md5: e7465ebedc5c61082439a456a9bf3b86
      size: 73318
    - path: ./data/processed_data/y_test.csv
      hash: md5
      md5: 6e30bd7cb4ff44ea23e42ece38e35893
      size: 10126
    - path: ./models/optimized_hgboost_model.joblib
      hash: md5
      md5: 9c514a5114c7c718c347d646e5da64f7
      size: 675216
    - path: ./src/models/evaluate_model.py
      hash: md5
      md5: 22c79714cda3f5750d650183a3de6505
      size: 1121
    outs:
    - path: ./data/predictions/hgboost_predictions.csv
      hash: md5
      md5: f79d318383861613dc5f3d96c0762442
      size: 10522
    - path: ./metrics/hgboost_metrics.json
      hash: md5
      md5: 1072eda64ea553b75207ce37c92a3221
      size: 80
